
Microsoft Visual Studio Solution File, Format Version 12.00
# Visual Studio Version 17
VisualStudioVersion = 17.4.33205.214
MinimumVisualStudioVersion = 10.0.40219.1
Project("{9A19103F-16F7-4668-BE54-9A1E7A4F7556}") = "SimplifiedSlotMachine.Console", "SimplifiedSlotMachine\SimplifiedSlotMachine.Console.csproj", "{837CD5C6-DA37-4224-A2FE-632EB9871D40}"
EndProject
Project("{9A19103F-16F7-4668-BE54-9A1E7A4F7556}") = "SimplifiedSlothMachineTests", "SimplifiedSlothMachineTests\SimplifiedSlothMachineTests.csproj", "{755066E2-C1AC-412A-926F-C9110CF03CC2}"
EndProject
Project("{FAE04EC0-301F-11D3-BF4B-00C04F79EFBC}") = "SimplifiedSlotMachine.Models", "SimplifiedSlotMachine.Models\SimplifiedSlotMachine.Models.csproj", "{D0DE7679-5535-43A3-B72B-CD388CBE24C9}"
EndProject
Project("{FAE04EC0-301F-11D3-BF4B-00C04F79EFBC}") = "SimplifiedSlotMachine.Services", "SimplifiedSlotMachine.Services\SimplifiedSlotMachine.Services.csproj", "{62373259-C60C-4965-860E-9FED3EB868E9}"
EndProject
Project("{FAE04EC0-301F-11D3-BF4B-00C04F79EFBC}") = "SimplifiedSlotMachine.Common", "SimplifiedSlotMachine.Common\SimplifiedSlotMachine.Common.csproj", "{8BBEAA57-82D6-462C-8B26-BF04356C6C97}"
EndProject
Global
	GlobalSection(SolutionConfigurationPlatforms) = preSolution
		Debug|Any CPU = Debug|Any CPU
		Release|Any CPU = Release|Any CPU
	EndGlobalSection
	GlobalSection(ProjectConfigurationPlatforms) = postSolution
		{837CD5C6-DA37-4224-A2FE-632EB9871D40}.Debug|Any CPU.ActiveCfg = Debug|Any CPU
		{837CD5C6-DA37-4224-A2FE-632EB9871D40}.Debug|Any CPU.Build.0 = Debug|Any CPU
		{837CD5C6-DA37-4224-A2FE-632EB9871D40}.Release|Any CPU.ActiveCfg = Release|Any CPU
		{837CD5C6-DA37-4224-A2FE-632EB9871D40}.Release|Any CPU.Build.0 = Release|Any CPU
		{755066E2-C1AC-412A-926F-C9110CF03CC2}.Debug|Any CPU.ActiveCfg = Debug|Any CPU
		{755066E2-C1AC-412A-926F-C9110CF03CC2}.Debug|Any CPU.Build.0 = Debug|Any CPU
		{755066E2-C1AC-412A-926F-C9110CF03CC2}.Release|Any CPU.ActiveCfg = Release|Any CPU
		{755066E2-C1AC-412A-926F-C9110CF03CC2}.Release|Any CPU.Build.0 = Release|Any CPU
		{D0DE7679-5535-43A3-B72B-CD388CBE24C9}.Debug|Any CPU.ActiveCfg = Debug|Any CPU
		{D0DE7679-5535-43A3-B72B-CD388CBE24C9}.Debug|Any CPU.Build.0 = Debug|Any CPU
		{D0DE7679-5535-43A3-B72B-CD388CBE24C9}.Release|Any CPU.ActiveCfg = Release|Any CPU
		{D0DE7679-5535-43A3-B72B-CD388CBE24C9}.Release|Any CPU.Build.0 = Release|Any CPU
		{62373259-C60C-4965-860E-9FED3EB868E9}.Debug|Any CPU.ActiveCfg = Debug|Any CPU
		{62373259-C60C-4965-860E-9FED3EB868E9}.Debug|Any CPU.Build.0 = Debug|Any CPU
		{62373259-C60C-4965-860E-9FED3EB868E9}.Release|Any CPU.ActiveCfg = Release|Any CPU
		{62373259-C60C-4965-860E-9FED3EB868E9}.Release|Any CPU.Build.0 = Release|Any CPU
		{8BBEAA57-82D6-462C-8B26-BF04356C6C97}.Debug|Any CPU.ActiveCfg = Debug|Any CPU
		{8BBEAA57-82D6-462C-8B26-BF04356C6C97}.Debug|Any CPU.Build.0 = Debug|Any CPU
		{8BBEAA57-82D6-462C-8B26-BF04356C6C97}.Release|Any CPU.ActiveCfg = Release|Any CPU
		{8BBEAA57-82D6-462C-8B26-BF04356C6C97}.Release|Any CPU.Build.0 = Release|Any CPU
	EndGlobalSection
	GlobalSection(SolutionProperties) = preSolution
		HideSolutionNode = FALSE
	EndGlobalSection
	GlobalSection(ExtensibilityGlobals) = postSolution
		SolutionGuid = {8FDE1820-024D-4303-AC59-41CEAEAD0153}
	EndGlobalSection
EndGlobal
